
Microsoft Visual Studio Solution File, Format Version 12.00
# Visual Studio Version 17
VisualStudioVersion = 17.2.32630.192
MinimumVisualStudioVersion = 10.0.40219.1
Project("{FAE04EC0-301F-11D3-BF4B-00C04F79EFBC}") = "R5T.Z0004.Construction", "R5T.Z0004.Construction\R5T.Z0004.Construction.csproj", "{A80DFEEF-8D2E-4868-B453-53211EB74A43}"
EndProject
Project("{FAE04EC0-301F-11D3-BF4B-00C04F79EFBC}") = "R5T.Z0004", "R5T.Z0004\R5T.Z0004.csproj", "{25317760-8167-48F2-99C2-D08B5CB4B59D}"
EndProject
Project("{2150E333-8FDC-42A3-9474-1A3956D46DE8}") = "_Dependencies", "_Dependencies", "{77B729AB-38D3-4EE1-A981-ABE00EB9D65E}"
EndProject
Project("{9A19103F-16F7-4668-BE54-9A1E7A4F7556}") = "R5T.T0131", "..\..\R5T.T0131\source\R5T.T0131\R5T.T0131.csproj", "{F9DFE9DD-8B36-4DCB-BE00-08B427E3E4A9}"
EndProject
Project("{9A19103F-16F7-4668-BE54-9A1E7A4F7556}") = "R5T.T0143", "..\..\R5T.T0143\source\R5T.T0143\R5T.T0143.csproj", "{D0C67345-E175-41E9-8C12-7A7118FE6F07}"
EndProject
Project("{9A19103F-16F7-4668-BE54-9A1E7A4F7556}") = "R5T.T0156", "..\..\R5T.T0156\source\R5T.T0156\R5T.T0156.csproj", "{95FCC3FE-6219-4F93-B80A-A8B7E829C80F}"
EndProject
Project("{9A19103F-16F7-4668-BE54-9A1E7A4F7556}") = "R5T.Y0000", "..\..\R5T.Y0000\source\R5T.Y0000\R5T.Y0000.csproj", "{F56F8EE3-CD13-4FF3-B58B-B8C6FE3296EC}"
EndProject
Global
	GlobalSection(NestedProjects) = preSolution
		{F9DFE9DD-8B36-4DCB-BE00-08B427E3E4A9} = {77B729AB-38D3-4EE1-A981-ABE00EB9D65E}
		{D0C67345-E175-41E9-8C12-7A7118FE6F07} = {77B729AB-38D3-4EE1-A981-ABE00EB9D65E}
		{95FCC3FE-6219-4F93-B80A-A8B7E829C80F} = {77B729AB-38D3-4EE1-A981-ABE00EB9D65E}
		{F56F8EE3-CD13-4FF3-B58B-B8C6FE3296EC} = {77B729AB-38D3-4EE1-A981-ABE00EB9D65E}
	EndGlobalSection
	GlobalSection(SolutionConfigurationPlatforms) = preSolution
		Debug|Any CPU = Debug|Any CPU
		Debug|x64 = Debug|x64
		Debug|x86 = Debug|x86
		Release|Any CPU = Release|Any CPU
		Release|x64 = Release|x64
		Release|x86 = Release|x86
	EndGlobalSection
	GlobalSection(ProjectConfigurationPlatforms) = postSolution
		{A80DFEEF-8D2E-4868-B453-53211EB74A43}.Debug|Any CPU.ActiveCfg = Debug|Any CPU
		{A80DFEEF-8D2E-4868-B453-53211EB74A43}.Debug|Any CPU.Build.0 = Debug|Any CPU
		{A80DFEEF-8D2E-4868-B453-53211EB74A43}.Debug|x64.ActiveCfg = Debug|Any CPU
		{A80DFEEF-8D2E-4868-B453-53211EB74A43}.Debug|x64.Build.0 = Debug|Any CPU
		{A80DFEEF-8D2E-4868-B453-53211EB74A43}.Debug|x86.ActiveCfg = Debug|Any CPU
		{A80DFEEF-8D2E-4868-B453-53211EB74A43}.Debug|x86.Build.0 = Debug|Any CPU
		{A80DFEEF-8D2E-4868-B453-53211EB74A43}.Release|Any CPU.ActiveCfg = Release|Any CPU
		{A80DFEEF-8D2E-4868-B453-53211EB74A43}.Release|Any CPU.Build.0 = Release|Any CPU
		{A80DFEEF-8D2E-4868-B453-53211EB74A43}.Release|x64.ActiveCfg = Release|Any CPU
		{A80DFEEF-8D2E-4868-B453-53211EB74A43}.Release|x64.Build.0 = Release|Any CPU
		{A80DFEEF-8D2E-4868-B453-53211EB74A43}.Release|x86.ActiveCfg = Release|Any CPU
		{A80DFEEF-8D2E-4868-B453-53211EB74A43}.Release|x86.Build.0 = Release|Any CPU
		{25317760-8167-48F2-99C2-D08B5CB4B59D}.Debug|Any CPU.ActiveCfg = Debug|Any CPU
		{25317760-8167-48F2-99C2-D08B5CB4B59D}.Debug|Any CPU.Build.0 = Debug|Any CPU
		{25317760-8167-48F2-99C2-D08B5CB4B59D}.Debug|x64.ActiveCfg = Debug|Any CPU
		{25317760-8167-48F2-99C2-D08B5CB4B59D}.Debug|x64.Build.0 = Debug|Any CPU
		{25317760-8167-48F2-99C2-D08B5CB4B59D}.Debug|x86.ActiveCfg = Debug|Any CPU
		{25317760-8167-48F2-99C2-D08B5CB4B59D}.Debug|x86.Build.0 = Debug|Any CPU
		{25317760-8167-48F2-99C2-D08B5CB4B59D}.Release|Any CPU.ActiveCfg = Release|Any CPU
		{25317760-8167-48F2-99C2-D08B5CB4B59D}.Release|Any CPU.Build.0 = Release|Any CPU
		{25317760-8167-48F2-99C2-D08B5CB4B59D}.Release|x64.ActiveCfg = Release|Any CPU
		{25317760-8167-48F2-99C2-D08B5CB4B59D}.Release|x64.Build.0 = Release|Any CPU
		{25317760-8167-48F2-99C2-D08B5CB4B59D}.Release|x86.ActiveCfg = Release|Any CPU
		{25317760-8167-48F2-99C2-D08B5CB4B59D}.Release|x86.Build.0 = Release|Any CPU
		{F9DFE9DD-8B36-4DCB-BE00-08B427E3E4A9}.Debug|Any CPU.ActiveCfg = Debug|Any CPU
		{F9DFE9DD-8B36-4DCB-BE00-08B427E3E4A9}.Debug|Any CPU.Build.0 = Debug|Any CPU
		{F9DFE9DD-8B36-4DCB-BE00-08B427E3E4A9}.Debug|x64.ActiveCfg = Debug|Any CPU
		{F9DFE9DD-8B36-4DCB-BE00-08B427E3E4A9}.Debug|x64.Build.0 = Debug|Any CPU
		{F9DFE9DD-8B36-4DCB-BE00-08B427E3E4A9}.Debug|x86.ActiveCfg = Debug|Any CPU
		{F9DFE9DD-8B36-4DCB-BE00-08B427E3E4A9}.Debug|x86.Build.0 = Debug|Any CPU
		{F9DFE9DD-8B36-4DCB-BE00-08B427E3E4A9}.Release|Any CPU.ActiveCfg = Release|Any CPU
		{F9DFE9DD-8B36-4DCB-BE00-08B427E3E4A9}.Release|Any CPU.Build.0 = Release|Any CPU
		{F9DFE9DD-8B36-4DCB-BE00-08B427E3E4A9}.Release|x64.ActiveCfg = Release|Any CPU
		{F9DFE9DD-8B36-4DCB-BE00-08B427E3E4A9}.Release|x64.Build.0 = Release|Any CPU
		{F9DFE9DD-8B36-4DCB-BE00-08B427E3E4A9}.Release|x86.ActiveCfg = Release|Any CPU
		{F9DFE9DD-8B36-4DCB-BE00-08B427E3E4A9}.Release|x86.Build.0 = Release|Any CPU
		{D0C67345-E175-41E9-8C12-7A7118FE6F07}.Debug|Any CPU.ActiveCfg = Debug|Any CPU
		{D0C67345-E175-41E9-8C12-7A7118FE6F07}.Debug|Any CPU.Build.0 = Debug|Any CPU
		{D0C67345-E175-41E9-8C12-7A7118FE6F07}.Debug|x64.ActiveCfg = Debug|Any CPU
		{D0C67345-E175-41E9-8C12-7A7118FE6F07}.Debug|x64.Build.0 = Debug|Any CPU
		{D0C67345-E175-41E9-8C12-7A7118FE6F07}.Debug|x86.ActiveCfg = Debug|Any CPU
		{D0C67345-E175-41E9-8C12-7A7118FE6F07}.Debug|x86.Build.0 = Debug|Any CPU
		{D0C67345-E175-41E9-8C12-7A7118FE6F07}.Release|Any CPU.ActiveCfg = Release|Any CPU
		{D0C67345-E175-41E9-8C12-7A7118FE6F07}.Release|Any CPU.Build.0 = Release|Any CPU
		{D0C67345-E175-41E9-8C12-7A7118FE6F07}.Release|x64.ActiveCfg = Release|Any CPU
		{D0C67345-E175-41E9-8C12-7A7118FE6F07}.Release|x64.Build.0 = Release|Any CPU
		{D0C67345-E175-41E9-8C12-7A7118FE6F07}.Release|x86.ActiveCfg = Release|Any CPU
		{D0C67345-E175-41E9-8C12-7A7118FE6F07}.Release|x86.Build.0 = Release|Any CPU
		{95FCC3FE-6219-4F93-B80A-A8B7E829C80F}.Debug|Any CPU.ActiveCfg = Debug|Any CPU
		{95FCC3FE-6219-4F93-B80A-A8B7E829C80F}.Debug|Any CPU.Build.0 = Debug|Any CPU
		{95FCC3FE-6219-4F93-B80A-A8B7E829C80F}.Debug|x64.ActiveCfg = Debug|Any CPU
		{95FCC3FE-6219-4F93-B80A-A8B7E829C80F}.Debug|x64.Build.0 = Debug|Any CPU
		{95FCC3FE-6219-4F93-B80A-A8B7E829C80F}.Debug|x86.ActiveCfg = Debug|Any CPU
		{95FCC3FE-6219-4F93-B80A-A8B7E829C80F}.Debug|x86.Build.0 = Debug|Any CPU
		{95FCC3FE-6219-4F93-B80A-A8B7E829C80F}.Release|Any CPU.ActiveCfg = Release|Any CPU
		{95FCC3FE-6219-4F93-B80A-A8B7E829C80F}.Release|Any CPU.Build.0 = Release|Any CPU
		{95FCC3FE-6219-4F93-B80A-A8B7E829C80F}.Release|x64.ActiveCfg = Release|Any CPU
		{95FCC3FE-6219-4F93-B80A-A8B7E829C80F}.Release|x64.Build.0 = Release|Any CPU
		{95FCC3FE-6219-4F93-B80A-A8B7E829C80F}.Release|x86.ActiveCfg = Release|Any CPU
		{95FCC3FE-6219-4F93-B80A-A8B7E829C80F}.Release|x86.Build.0 = Release|Any CPU
		{F56F8EE3-CD13-4FF3-B58B-B8C6FE3296EC}.Debug|Any CPU.ActiveCfg = Debug|Any CPU
		{F56F8EE3-CD13-4FF3-B58B-B8C6FE3296EC}.Debug|Any CPU.Build.0 = Debug|Any CPU
		{F56F8EE3-CD13-4FF3-B58B-B8C6FE3296EC}.Debug|x64.ActiveCfg = Debug|Any CPU
		{F56F8EE3-CD13-4FF3-B58B-B8C6FE3296EC}.Debug|x64.Build.0 = Debug|Any CPU
		{F56F8EE3-CD13-4FF3-B58B-B8C6FE3296EC}.Debug|x86.ActiveCfg = Debug|Any CPU
		{F56F8EE3-CD13-4FF3-B58B-B8C6FE3296EC}.Debug|x86.Build.0 = Debug|Any CPU
		{F56F8EE3-CD13-4FF3-B58B-B8C6FE3296EC}.Release|Any CPU.ActiveCfg = Release|Any CPU
		{F56F8EE3-CD13-4FF3-B58B-B8C6FE3296EC}.Release|Any CPU.Build.0 = Release|Any CPU
		{F56F8EE3-CD13-4FF3-B58B-B8C6FE3296EC}.Release|x64.ActiveCfg = Release|Any CPU
		{F56F8EE3-CD13-4FF3-B58B-B8C6FE3296EC}.Release|x64.Build.0 = Release|Any CPU
		{F56F8EE3-CD13-4FF3-B58B-B8C6FE3296EC}.Release|x86.ActiveCfg = Release|Any CPU
		{F56F8EE3-CD13-4FF3-B58B-B8C6FE3296EC}.Release|x86.Build.0 = Release|Any CPU
	EndGlobalSection
	GlobalSection(SolutionProperties) = preSolution
		HideSolutionNode = FALSE
	EndGlobalSection
EndGlobal
